
Microsoft Visual Studio Solution File, Format Version 12.00
# Visual Studio Version 17
VisualStudioVersion = 17.14.36518.9 d17.14
MinimumVisualStudioVersion = 10.0.40219.1
Project("{FAE04EC0-301F-11D3-BF4B-00C04F79EFBC}") = "Task2", "Task2\Task2.csproj", "{41F024D2-B520-4562-94A6-D2F44C93855C}"
EndProject
Project("{FAE04EC0-301F-11D3-BF4B-00C04F79EFBC}") = "Task1", "Task1\Task1.csproj", "{5C166AF3-5C9C-4E0D-B1F1-E86AE15D6A90}"
EndProject
Project("{FAE04EC0-301F-11D3-BF4B-00C04F79EFBC}") = "Task3", "Task3\Task3.csproj", "{0CAE4509-08CC-45D8-8817-8E83B4CB17B3}"
EndProject
Project("{FAE04EC0-301F-11D3-BF4B-00C04F79EFBC}") = "Task4", "Task4\Task4.csproj", "{67577E54-2E25-4FBA-A6F1-F3E722AD37D7}"
EndProject
Project("{FAE04EC0-301F-11D3-BF4B-00C04F79EFBC}") = "Task5", "Task5\Task5.csproj", "{0EEBBF91-4995-4FBC-AC26-B46F199808B4}"
EndProject
Project("{FAE04EC0-301F-11D3-BF4B-00C04F79EFBC}") = "Practical1Test", "Practical1Test\Practical1Test.csproj", "{5E15263E-C9F9-87E6-B3BD-5E716FC1CDEF}"
EndProject
Global
	GlobalSection(SolutionConfigurationPlatforms) = preSolution
		Debug|Any CPU = Debug|Any CPU
		Release|Any CPU = Release|Any CPU
	EndGlobalSection
	GlobalSection(ProjectConfigurationPlatforms) = postSolution
		{41F024D2-B520-4562-94A6-D2F44C93855C}.Debug|Any CPU.ActiveCfg = Debug|Any CPU
		{41F024D2-B520-4562-94A6-D2F44C93855C}.Debug|Any CPU.Build.0 = Debug|Any CPU
		{41F024D2-B520-4562-94A6-D2F44C93855C}.Release|Any CPU.ActiveCfg = Release|Any CPU
		{41F024D2-B520-4562-94A6-D2F44C93855C}.Release|Any CPU.Build.0 = Release|Any CPU
		{5C166AF3-5C9C-4E0D-B1F1-E86AE15D6A90}.Debug|Any CPU.ActiveCfg = Debug|Any CPU
		{5C166AF3-5C9C-4E0D-B1F1-E86AE15D6A90}.Debug|Any CPU.Build.0 = Debug|Any CPU
		{5C166AF3-5C9C-4E0D-B1F1-E86AE15D6A90}.Release|Any CPU.ActiveCfg = Release|Any CPU
		{5C166AF3-5C9C-4E0D-B1F1-E86AE15D6A90}.Release|Any CPU.Build.0 = Release|Any CPU
		{0CAE4509-08CC-45D8-8817-8E83B4CB17B3}.Debug|Any CPU.ActiveCfg = Debug|Any CPU
		{0CAE4509-08CC-45D8-8817-8E83B4CB17B3}.Debug|Any CPU.Build.0 = Debug|Any CPU
		{0CAE4509-08CC-45D8-8817-8E83B4CB17B3}.Release|Any CPU.ActiveCfg = Release|Any CPU
		{0CAE4509-08CC-45D8-8817-8E83B4CB17B3}.Release|Any CPU.Build.0 = Release|Any CPU
		{67577E54-2E25-4FBA-A6F1-F3E722AD37D7}.Debug|Any CPU.ActiveCfg = Debug|Any CPU
		{67577E54-2E25-4FBA-A6F1-F3E722AD37D7}.Debug|Any CPU.Build.0 = Debug|Any CPU
		{67577E54-2E25-4FBA-A6F1-F3E722AD37D7}.Release|Any CPU.ActiveCfg = Release|Any CPU
		{67577E54-2E25-4FBA-A6F1-F3E722AD37D7}.Release|Any CPU.Build.0 = Release|Any CPU
		{0EEBBF91-4995-4FBC-AC26-B46F199808B4}.Debug|Any CPU.ActiveCfg = Debug|Any CPU
		{0EEBBF91-4995-4FBC-AC26-B46F199808B4}.Debug|Any CPU.Build.0 = Debug|Any CPU
		{0EEBBF91-4995-4FBC-AC26-B46F199808B4}.Release|Any CPU.ActiveCfg = Release|Any CPU
		{0EEBBF91-4995-4FBC-AC26-B46F199808B4}.Release|Any CPU.Build.0 = Release|Any CPU
		{5E15263E-C9F9-87E6-B3BD-5E716FC1CDEF}.Debug|Any CPU.ActiveCfg = Debug|Any CPU
		{5E15263E-C9F9-87E6-B3BD-5E716FC1CDEF}.Debug|Any CPU.Build.0 = Debug|Any CPU
		{5E15263E-C9F9-87E6-B3BD-5E716FC1CDEF}.Release|Any CPU.ActiveCfg = Release|Any CPU
		{5E15263E-C9F9-87E6-B3BD-5E716FC1CDEF}.Release|Any CPU.Build.0 = Release|Any CPU
	EndGlobalSection
	GlobalSection(SolutionProperties) = preSolution
		HideSolutionNode = FALSE
	EndGlobalSection
	GlobalSection(ExtensibilityGlobals) = postSolution
		SolutionGuid = {652659F2-319F-41B2-847B-35F9CE327951}
	EndGlobalSection
EndGlobal
